
Microsoft Visual Studio Solution File, Format Version 12.00
# Visual Studio 15
VisualStudioVersion = 15.0.28307.136
MinimumVisualStudioVersion = 10.0.40219.1
Project("{8BC9CEB8-8B4A-11D0-8D11-00A0C91BC942}") = "PR", "PR\PR.vcxproj", "{EFDBC22C-7B71-49C9-90BE-56DDBBAF6AD6}"
EndProject
Global
	GlobalSection(SolutionConfigurationPlatforms) = preSolution
		Debug|x64 = Debug|x64
		Debug|x86 = Debug|x86
		Release|x64 = Release|x64
		Release|x86 = Release|x86
	EndGlobalSection
	GlobalSection(ProjectConfigurationPlatforms) = postSolution
		{EFDBC22C-7B71-49C9-90BE-56DDBBAF6AD6}.Debug|x64.ActiveCfg = Debug|x64
		{EFDBC22C-7B71-49C9-90BE-56DDBBAF6AD6}.Debug|x64.Build.0 = Debug|x64
		{EFDBC22C-7B71-49C9-90BE-56DDBBAF6AD6}.Debug|x86.ActiveCfg = Debug|Win32
		{EFDBC22C-7B71-49C9-90BE-56DDBBAF6AD6}.Debug|x86.Build.0 = Debug|Win32
		{EFDBC22C-7B71-49C9-90BE-56DDBBAF6AD6}.Release|x64.ActiveCfg = Release|x64
		{EFDBC22C-7B71-49C9-90BE-56DDBBAF6AD6}.Release|x64.Build.0 = Release|x64
		{EFDBC22C-7B71-49C9-90BE-56DDBBAF6AD6}.Release|x86.ActiveCfg = Release|Win32
		{EFDBC22C-7B71-49C9-90BE-56DDBBAF6AD6}.Release|x86.Build.0 = Release|Win32
	EndGlobalSection
	GlobalSection(SolutionProperties) = preSolution
		HideSolutionNode = FALSE
	EndGlobalSection
	GlobalSection(ExtensibilityGlobals) = postSolution
		SolutionGuid = {2B310DE0-2388-4892-B1A2-A0C83A8E5639}
	EndGlobalSection
EndGlobal
